// !$*UTF8*$!
{
	archiveVersion = 1;
	classes = {
	};
	objectVersion = 46;
	objects = {

/* Begin PBXBuildFile section */
		7B8A922972E27AF0049573EA /* Pods_pushmynotifications.framework in Frameworks */ = {isa = PBXBuildFile; fileRef = DFCAB428DF194CBB86E97F5D /* Pods_pushmynotifications.framework */; };
		E32A5BE41E3F8112001D9C33 /* AppDelegate.swift in Sources */ = {isa = PBXBuildFile; fileRef = E32A5BE31E3F8112001D9C33 /* AppDelegate.swift */; };
		E32A5BE61E3F8112001D9C33 /* ViewController.swift in Sources */ = {isa = PBXBuildFile; fileRef = E32A5BE51E3F8112001D9C33 /* ViewController.swift */; };
		E32A5BE91E3F8113001D9C33 /* Main.storyboard in Resources */ = {isa = PBXBuildFile; fileRef = E32A5BE71E3F8113001D9C33 /* Main.storyboard */; };
		E32A5BEB1E3F8113001D9C33 /* Assets.xcassets in Resources */ = {isa = PBXBuildFile; fileRef = E32A5BEA1E3F8113001D9C33 /* Assets.xcassets */; };
		E32A5BEE1E3F8113001D9C33 /* LaunchScreen.storyboard in Resources */ = {isa = PBXBuildFile; fileRef = E32A5BEC1E3F8113001D9C33 /* LaunchScreen.storyboard */; };
		E32A5BF61E3F8197001D9C33 /* GoogleService-Info (1).plist in Resources */ = {isa = PBXBuildFile; fileRef = E32A5BF51E3F8197001D9C33 /* GoogleService-Info (1).plist */; };
/* End PBXBuildFile section */

/* Begin PBXFileReference section */
		932FC0CB91400E6A5F2E6FB9 /* Pods-pushmynotifications.debug.xcconfig */ = {isa = PBXFileReference; includeInIndex = 1; lastKnownFileType = text.xcconfig; name = "Pods-pushmynotifications.debug.xcconfig"; path = "Pods/Target Support Files/Pods-pushmynotifications/Pods-pushmynotifications.debug.xcconfig"; sourceTree = "<group>"; };
		C80DD1D94B331C1D7D263E9E /* Pods-pushmynotifications.release.xcconfig */ = {isa = PBXFileReference; includeInIndex = 1; lastKnownFileType = text.xcconfig; name = "Pods-pushmynotifications.release.xcconfig"; path = "Pods/Target Support Files/Pods-pushmynotifications/Pods-pushmynotifications.release.xcconfig"; sourceTree = "<group>"; };
		DFCAB428DF194CBB86E97F5D /* Pods_pushmynotifications.framework */ = {isa = PBXFileReference; explicitFileType = wrapper.framework; includeInIndex = 0; path = Pods_pushmynotifications.framework; sourceTree = BUILT_PRODUCTS_DIR; };
		E32A5BE01E3F8112001D9C33 /* pushmynotifications.app */ = {isa = PBXFileReference; explicitFileType = wrapper.application; includeInIndex = 0; path = pushmynotifications.app; sourceTree = BUILT_PRODUCTS_DIR; };
		E32A5BE31E3F8112001D9C33 /* AppDelegate.swift */ = {isa = PBXFileReference; lastKnownFileType = sourcecode.swift; path = AppDelegate.swift; sourceTree = "<group>"; };
		E32A5BE51E3F8112001D9C33 /* ViewController.swift */ = {isa = PBXFileReference; lastKnownFileType = sourcecode.swift; path = ViewController.swift; sourceTree = "<group>"; };
		E32A5BE81E3F8113001D9C33 /* Base */ = {isa = PBXFileReference; lastKnownFileType = file.storyboard; name = Base; path = Base.lproj/Main.storyboard; sourceTree = "<group>"; };
		E32A5BEA1E3F8113001D9C33 /* Assets.xcassets */ = {isa = PBXFileReference; lastKnownFileType = folder.assetcatalog; path = Assets.xcassets; sourceTree = "<group>"; };
		E32A5BED1E3F8113001D9C33 /* Base */ = {isa = PBXFileReference; lastKnownFileType = file.storyboard; name = Base; path = Base.lproj/LaunchScreen.storyboard; sourceTree = "<group>"; };
		E32A5BEF1E3F8113001D9C33 /* Info.plist */ = {isa = PBXFileReference; lastKnownFileType = text.plist.xml; path = Info.plist; sourceTree = "<group>"; };
		E32A5BF51E3F8197001D9C33 /* GoogleService-Info (1).plist */ = {isa = PBXFileReference; fileEncoding = 4; lastKnownFileType = text.plist.xml; path = "GoogleService-Info (1).plist"; sourceTree = "<group>"; };
		E32A5BF71E3F86CB001D9C33 /* pushmynotifications.entitlements */ = {isa = PBXFileReference; lastKnownFileType = text.plist.entitlements; path = pushmynotifications.entitlements; sourceTree = "<group>"; };
/* End PBXFileReference section */

/* Begin PBXFrameworksBuildPhase section */
		E32A5BDD1E3F8112001D9C33 /* Frameworks */ = {
			isa = PBXFrameworksBuildPhase;
			buildActionMask = 2147483647;
			files = (
				7B8A922972E27AF0049573EA /* Pods_pushmynotifications.framework in Frameworks */,
			);
			runOnlyForDeploymentPostprocessing = 0;
		};
/* End PBXFrameworksBuildPhase section */

/* Begin PBXGroup section */
		842A7BD48666A467BCE72215 /* Frameworks */ = {
			isa = PBXGroup;
			children = (
				DFCAB428DF194CBB86E97F5D /* Pods_pushmynotifications.framework */,
			);
			name = Frameworks;
			sourceTree = "<group>";
		};
		BC9FBAA3163EB18D49A3FB08 /* Pods */ = {
			isa = PBXGroup;
			children = (
				932FC0CB91400E6A5F2E6FB9 /* Pods-pushmynotifications.debug.xcconfig */,
				C80DD1D94B331C1D7D263E9E /* Pods-pushmynotifications.release.xcconfig */,
			);
			name = Pods;
			sourceTree = "<group>";
		};
		E32A5BD71E3F8112001D9C33 = {
			isa = PBXGroup;
			children = (
				E32A5BE21E3F8112001D9C33 /* pushmynotifications */,
				E32A5BE11E3F8112001D9C33 /* Products */,
				BC9FBAA3163EB18D49A3FB08 /* Pods */,
				842A7BD48666A467BCE72215 /* Frameworks */,
			);
			sourceTree = "<group>";
		};
		E32A5BE11E3F8112001D9C33 /* Products */ = {
			isa = PBXGroup;
			children = (
				E32A5BE01E3F8112001D9C33 /* pushmynotifications.app */,
			);
			name = Products;
			sourceTree = "<group>";
		};
		E32A5BE21E3F8112001D9C33 /* pushmynotifications */ = {
			isa = PBXGroup;
			children = (
				E32A5BF71E3F86CB001D9C33 /* pushmynotifications.entitlements */,
				E32A5BF51E3F8197001D9C33 /* GoogleService-Info (1).plist */,
				E32A5BE31E3F8112001D9C33 /* AppDelegate.swift */,
				E32A5BE51E3F8112001D9C33 /* ViewController.swift */,
				E32A5BE71E3F8113001D9C33 /* Main.storyboard */,
				E32A5BEA1E3F8113001D9C33 /* Assets.xcassets */,
				E32A5BEC1E3F8113001D9C33 /* LaunchScreen.storyboard */,
				E32A5BEF1E3F8113001D9C33 /* Info.plist */,
			);
			path = pushmynotifications;
			sourceTree = "<group>";
		};
/* End PBXGroup section */

/* Begin PBXNativeTarget section */
		E32A5BDF1E3F8112001D9C33 /* pushmynotifications */ = {
			isa = PBXNativeTarget;
			buildConfigurationList = E32A5BF21E3F8113001D9C33 /* Build configuration list for PBXNativeTarget "pushmynotifications" */;
			buildPhases = (
				337825269774580D90DE4916 /* [CP] Check Pods Manifest.lock */,
				E32A5BDC1E3F8112001D9C33 /* Sources */,
				E32A5BDD1E3F8112001D9C33 /* Frameworks */,
				E32A5BDE1E3F8112001D9C33 /* Resources */,
				47B4CA9E3C8B00FC2599120C /* [CP] Embed Pods Frameworks */,
				45AC360FF56C92654861CD96 /* [CP] Copy Pods Resources */,
			);
			buildRules = (
			);
			dependencies = (
			);
			name = pushmynotifications;
			productName = pushmynotifications;
			productReference = E32A5BE01E3F8112001D9C33 /* pushmynotifications.app */;
			productType = "com.apple.product-type.application";
		};
/* End PBXNativeTarget section */

/* Begin PBXProject section */
		E32A5BD81E3F8112001D9C33 /* Project object */ = {
			isa = PBXProject;
			attributes = {
				LastSwiftUpdateCheck = 0820;
				LastUpgradeCheck = 0820;
				ORGANIZATIONNAME = "Nabendu Biswas";
				TargetAttributes = {
					E32A5BDF1E3F8112001D9C33 = {
						CreatedOnToolsVersion = 8.2.1;
						DevelopmentTeam = 8K4S9QVHTG;
						ProvisioningStyle = Automatic;
						SystemCapabilities = {
							com.apple.Push = {
								enabled = 1;
							};
						};
					};
				};
			};
			buildConfigurationList = E32A5BDB1E3F8112001D9C33 /* Build configuration list for PBXProject "pushmynotifications" */;
			compatibilityVersion = "Xcode 3.2";
			developmentRegion = English;
			hasScannedForEncodings = 0;
			knownRegions = (
				en,
				Base,
			);
			mainGroup = E32A5BD71E3F8112001D9C33;
			productRefGroup = E32A5BE11E3F8112001D9C33 /* Products */;
			projectDirPath = "";
			projectRoot = "";
			targets = (
				E32A5BDF1E3F8112001D9C33 /* pushmynotifications */,
			);
		};
/* End PBXProject section */

/* Begin PBXResourcesBuildPhase section */
		E32A5BDE1E3F8112001D9C33 /* Resources */ = {
			isa = PBXResourcesBuildPhase;
			buildActionMask = 2147483647;
			files = (
				E32A5BEE1E3F8113001D9C33 /* LaunchScreen.storyboard in Resources */,
				E32A5BEB1E3F8113001D9C33 /* Assets.xcassets in Resources */,
				E32A5BE91E3F8113001D9C33 /* Main.storyboard in Resources */,
				E32A5BF61E3F8197001D9C33 /* GoogleService-Info (1).plist in Resources */,
			);
			runOnlyForDeploymentPostprocessing = 0;
		};
/* End PBXResourcesBuildPhase section */

/* Begin PBXShellScriptBuildPhase section */
		337825269774580D90DE4916 /* [CP] Check Pods Manifest.lock */ = {
			isa = PBXShellScriptBuildPhase;
			buildActionMask = 2147483647;
			files = (
			);
			inputPaths = (
			);
			name = "[CP] Check Pods Manifest.lock";
			outputPaths = (
			);
			runOnlyForDeploymentPostprocessing = 0;
			shellPath = /bin/sh;
			shellScript = "diff \"${PODS_ROOT}/../Podfile.lock\" \"${PODS_ROOT}/Manifest.lock\" > /dev/null\nif [ $? != 0 ] ; then\n    # print error to STDERR\n    echo \"error: The sandbox is not in sync with the Podfile.lock. Run 'pod install' or update your CocoaPods installation.\" >&2\n    exit 1\nfi\n";
			showEnvVarsInLog = 0;
		};
		45AC360FF56C92654861CD96 /* [CP] Copy Pods Resources */ = {
			isa = PBXShellScriptBuildPhase;
			buildActionMask = 2147483647;
			files = (
			);
			inputPaths = (
			);
			name = "[CP] Copy Pods Resources";
			outputPaths = (
			);
			runOnlyForDeploymentPostprocessing = 0;
			shellPath = /bin/sh;
			shellScript = "\"${SRCROOT}/Pods/Target Support Files/Pods-pushmynotifications/Pods-pushmynotifications-resources.sh\"\n";
			showEnvVarsInLog = 0;
		};
		47B4CA9E3C8B00FC2599120C /* [CP] Embed Pods Frameworks */ = {
			isa = PBXShellScriptBuildPhase;
			buildActionMask = 2147483647;
			files = (
			);
			inputPaths = (
			);
			name = "[CP] Embed Pods Frameworks";
			outputPaths = (
			);
			runOnlyForDeploymentPostprocessing = 0;
			shellPath = /bin/sh;
			shellScript = "\"${SRCROOT}/Pods/Target Support Files/Pods-pushmynotifications/Pods-pushmynotifications-frameworks.sh\"\n";
			showEnvVarsInLog = 0;
		};
/* End PBXShellScriptBuildPhase section */

/* Begin PBXSourcesBuildPhase section */
		E32A5BDC1E3F8112001D9C33 /* Sources */ = {
			isa = PBXSourcesBuildPhase;
			buildActionMask = 2147483647;
			files = (
				E32A5BE61E3F8112001D9C33 /* ViewController.swift in Sources */,
				E32A5BE41E3F8112001D9C33 /* AppDelegate.swift in Sources */,
			);
			runOnlyForDeploymentPostprocessing = 0;
		};
/* End PBXSourcesBuildPhase section */

/* Begin PBXVariantGroup section */
		E32A5BE71E3F8113001D9C33 /* Main.storyboard */ = {
			isa = PBXVariantGroup;
			children = (
				E32A5BE81E3F8113001D9C33 /* Base */,
			);
			name = Main.storyboard;
			sourceTree = "<group>";
		};
		E32A5BEC1E3F8113001D9C33 /* LaunchScreen.storyboard */ = {
			isa = PBXVariantGroup;
			children = (
				E32A5BED1E3F8113001D9C33 /* Base */,
			);
			name = LaunchScreen.storyboard;
			sourceTree = "<group>";
		};
/* End PBXVariantGroup section */

/* Begin XCBuildConfiguration section */
		E32A5BF01E3F8113001D9C33 /* Debug */ = {
			isa = XCBuildConfiguration;
			buildSettings = {
				ALWAYS_SEARCH_USER_PATHS = NO;
				CLANG_ANALYZER_NONNULL = YES;
				CLANG_CXX_LANGUAGE_STANDARD = "gnu++0x";
				CLANG_CXX_LIBRARY = "libc++";
				CLANG_ENABLE_MODULES = YES;
				CLANG_ENABLE_OBJC_ARC = YES;
				CLANG_WARN_BOOL_CONVERSION = YES;
				CLANG_WARN_CONSTANT_CONVERSION = YES;
				CLANG_WARN_DIRECT_OBJC_ISA_USAGE = YES_ERROR;
				CLANG_WARN_DOCUMENTATION_COMMENTS = YES;
				CLANG_WARN_EMPTY_BODY = YES;
				CLANG_WARN_ENUM_CONVERSION = YES;
				CLANG_WARN_INFINITE_RECURSION = YES;
				CLANG_WARN_INT_CONVERSION = YES;
				CLANG_WARN_OBJC_ROOT_CLASS = YES_ERROR;
				CLANG_WARN_SUSPICIOUS_MOVE = YES;
				CLANG_WARN_UNREACHABLE_CODE = YES;
				CLANG_WARN__DUPLICATE_METHOD_MATCH = YES;
				"CODE_SIGN_IDENTITY[sdk=iphoneos*]" = "iPhone Developer";
				COPY_PHASE_STRIP = NO;
				DEBUG_INFORMATION_FORMAT = dwarf;
				ENABLE_STRICT_OBJC_MSGSEND = YES;
				ENABLE_TESTABILITY = YES;
				GCC_C_LANGUAGE_STANDARD = gnu99;
				GCC_DYNAMIC_NO_PIC = NO;
				GCC_NO_COMMON_BLOCKS = YES;
				GCC_OPTIMIZATION_LEVEL = 0;
				GCC_PREPROCESSOR_DEFINITIONS = (
					"DEBUG=1",
					"$(inherited)",
				);
				GCC_WARN_64_TO_32_BIT_CONVERSION = YES;
				GCC_WARN_ABOUT_RETURN_TYPE = YES_ERROR;
				GCC_WARN_UNDECLARED_SELECTOR = YES;
				GCC_WARN_UNINITIALIZED_AUTOS = YES_AGGRESSIVE;
				GCC_WARN_UNUSED_FUNCTION = YES;
				GCC_WARN_UNUSED_VARIABLE = YES;
				IPHONEOS_DEPLOYMENT_TARGET = 10.2;
				MTL_ENABLE_DEBUG_INFO = YES;
				ONLY_ACTIVE_ARCH = YES;
				SDKROOT = iphoneos;
				SWIFT_ACTIVE_COMPILATION_CONDITIONS = DEBUG;
				SWIFT_OPTIMIZATION_LEVEL = "-Onone";
				TARGETED_DEVICE_FAMILY = "1,2";
			};
			name = Debug;
		};
		E32A5BF11E3F8113001D9C33 /* Release */ = {
			isa = XCBuildConfiguration;
			buildSettings = {
				ALWAYS_SEARCH_USER_PATHS = NO;
				CLANG_ANALYZER_NONNULL = YES;
				CLANG_CXX_LANGUAGE_STANDARD = "gnu++0x";
				CLANG_CXX_LIBRARY = "libc++";
				CLANG_ENABLE_MODULES = YES;
				CLANG_ENABLE_OBJC_ARC = YES;
				CLANG_WARN_BOOL_CONVERSION = YES;
				CLANG_WARN_CONSTANT_CONVERSION = YES;
				CLANG_WARN_DIRECT_OBJC_ISA_USAGE = YES_ERROR;
				CLANG_WARN_DOCUMENTATION_COMMENTS = YES;
				CLANG_WARN_EMPTY_BODY = YES;
				CLANG_WARN_ENUM_CONVERSION = YES;
				CLANG_WARN_INFINITE_RECURSION = YES;
				CLANG_WARN_INT_CONVERSION = YES;
				CLANG_WARN_OBJC_ROOT_CLASS = YES_ERROR;
				CLANG_WARN_SUSPICIOUS_MOVE = YES;
				CLANG_WARN_UNREACHABLE_CODE = YES;
				CLANG_WARN__DUPLICATE_METHOD_MATCH = YES;
				"CODE_SIGN_IDENTITY[sdk=iphoneos*]" = "iPhone Developer";
				COPY_PHASE_STRIP = NO;
				DEBUG_INFORMATION_FORMAT = "dwarf-with-dsym";
				ENABLE_NS_ASSERTIONS = NO;
				ENABLE_STRICT_OBJC_MSGSEND = YES;
				GCC_C_LANGUAGE_STANDARD = gnu99;
				GCC_NO_COMMON_BLOCKS = YES;
				GCC_WARN_64_TO_32_BIT_CONVERSION = YES;
				GCC_WARN_ABOUT_RETURN_TYPE = YES_ERROR;
				GCC_WARN_UNDECLARED_SELECTOR = YES;
				GCC_WARN_UNINITIALIZED_AUTOS = YES_AGGRESSIVE;
				GCC_WARN_UNUSED_FUNCTION = YES;
				GCC_WARN_UNUSED_VARIABLE = YES;
				IPHONEOS_DEPLOYMENT_TARGET = 10.2;
				MTL_ENABLE_DEBUG_INFO = NO;
				SDKROOT = iphoneos;
				SWIFT_OPTIMIZATION_LEVEL = "-Owholemodule";
				TARGETED_DEVICE_FAMILY = "1,2";
				VALIDATE_PRODUCT = YES;
			};
			name = Release;
		};
		E32A5BF31E3F8113001D9C33 /* Debug */ = {
			isa = XCBuildConfiguration;
			baseConfigurationReference = 932FC0CB91400E6A5F2E6FB9 /* Pods-pushmynotifications.debug.xcconfig */;
			buildSettings = {
				ASSETCATALOG_COMPILER_APPICON_NAME = AppIcon;
				CODE_SIGN_ENTITLEMENTS = pushmynotifications/pushmynotifications.entitlements;
				DEVELOPMENT_TEAM = 8K4S9QVHTG;
				INFOPLIST_FILE = pushmynotifications/Info.plist;
				LD_RUNPATH_SEARCH_PATHS = "$(inherited) @executable_path/Frameworks";
				PRODUCT_BUNDLE_IDENTIFIER = com.ShikhaCorps.pushmynotifications;
				PRODUCT_NAME = "$(TARGET_NAME)";
				SWIFT_VERSION = 3.0;
			};
			name = Debug;
		};
		E32A5BF41E3F8113001D9C33 /* Release */ = {
			isa = XCBuildConfiguration;
			baseConfigurationReference = C80DD1D94B331C1D7D263E9E /* Pods-pushmynotifications.release.xcconfig */;
			buildSettings = {
				ASSETCATALOG_COMPILER_APPICON_NAME = AppIcon;
				CODE_SIGN_ENTITLEMENTS = pushmynotifications/pushmynotifications.entitlements;
				DEVELOPMENT_TEAM = 8K4S9QVHTG;
				INFOPLIST_FILE = pushmynotifications/Info.plist;
				LD_RUNPATH_SEARCH_PATHS = "$(inherited) @executable_path/Frameworks";
				PRODUCT_BUNDLE_IDENTIFIER = com.ShikhaCorps.pushmynotifications;
				PRODUCT_NAME = "$(TARGET_NAME)";
				SWIFT_VERSION = 3.0;
			};
			name = Release;
		};
/* End XCBuildConfiguration section */

/* Begin XCConfigurationList section */
		E32A5BDB1E3F8112001D9C33 /* Build configuration list for PBXProject "pushmynotifications" */ = {
			isa = XCConfigurationList;
			buildConfigurations = (
				E32A5BF01E3F8113001D9C33 /* Debug */,
				E32A5BF11E3F8113001D9C33 /* Release */,
			);
			defaultConfigurationIsVisible = 0;
			defaultConfigurationName = Release;
		};
		E32A5BF21E3F8113001D9C33 /* Build configuration list for PBXNativeTarget "pushmynotifications" */ = {
			isa = XCConfigurationList;
			buildConfigurations = (
				E32A5BF31E3F8113001D9C33 /* Debug */,
				E32A5BF41E3F8113001D9C33 /* Release */,
			);
			defaultConfigurationIsVisible = 0;
			defaultConfigurationName = Release;
		};
/* End XCConfigurationList section */
	};
	rootObject = E32A5BD81E3F8112001D9C33 /* Project object */;
}
