// !$*UTF8*$!
{
	archiveVersion = 1;
	classes = {
	};
	objectVersion = 46;
	objects = {

/* Begin PBXBuildFile section */
		E37654271DBB679E00EBD672 /* AppDelegate.swift in Sources */ = {isa = PBXBuildFile; fileRef = E37654261DBB679E00EBD672 /* AppDelegate.swift */; };
		E37654291DBB679E00EBD672 /* MainVC.swift in Sources */ = {isa = PBXBuildFile; fileRef = E37654281DBB679E00EBD672 /* MainVC.swift */; };
		E376542C1DBB679E00EBD672 /* Main.storyboard in Resources */ = {isa = PBXBuildFile; fileRef = E376542A1DBB679E00EBD672 /* Main.storyboard */; };
		E376542E1DBB679E00EBD672 /* Assets.xcassets in Resources */ = {isa = PBXBuildFile; fileRef = E376542D1DBB679E00EBD672 /* Assets.xcassets */; };
		E37654311DBB679E00EBD672 /* LaunchScreen.storyboard in Resources */ = {isa = PBXBuildFile; fileRef = E376542F1DBB679E00EBD672 /* LaunchScreen.storyboard */; };
		E376543C1DBB908300EBD672 /* still time.ttf in Resources */ = {isa = PBXBuildFile; fileRef = E376543B1DBB908300EBD672 /* still time.ttf */; };
		E376543F1DBBBB0300EBD672 /* VideoVC.swift in Sources */ = {isa = PBXBuildFile; fileRef = E376543E1DBBBB0300EBD672 /* VideoVC.swift */; };
		E37654411DBBBCF000EBD672 /* PartyCell.swift in Sources */ = {isa = PBXBuildFile; fileRef = E37654401DBBBCF000EBD672 /* PartyCell.swift */; };
		E37654431DBBBFDE00EBD672 /* PartyRock.swift in Sources */ = {isa = PBXBuildFile; fileRef = E37654421DBBBFDE00EBD672 /* PartyRock.swift */; };
/* End PBXBuildFile section */

/* Begin PBXFileReference section */
		E37654231DBB679E00EBD672 /* PartyRockApp.app */ = {isa = PBXFileReference; explicitFileType = wrapper.application; includeInIndex = 0; path = PartyRockApp.app; sourceTree = BUILT_PRODUCTS_DIR; };
		E37654261DBB679E00EBD672 /* AppDelegate.swift */ = {isa = PBXFileReference; lastKnownFileType = sourcecode.swift; path = AppDelegate.swift; sourceTree = "<group>"; };
		E37654281DBB679E00EBD672 /* MainVC.swift */ = {isa = PBXFileReference; lastKnownFileType = sourcecode.swift; path = MainVC.swift; sourceTree = "<group>"; };
		E376542B1DBB679E00EBD672 /* Base */ = {isa = PBXFileReference; lastKnownFileType = file.storyboard; name = Base; path = Base.lproj/Main.storyboard; sourceTree = "<group>"; };
		E376542D1DBB679E00EBD672 /* Assets.xcassets */ = {isa = PBXFileReference; lastKnownFileType = folder.assetcatalog; path = Assets.xcassets; sourceTree = "<group>"; };
		E37654301DBB679E00EBD672 /* Base */ = {isa = PBXFileReference; lastKnownFileType = file.storyboard; name = Base; path = Base.lproj/LaunchScreen.storyboard; sourceTree = "<group>"; };
		E37654321DBB679E00EBD672 /* Info.plist */ = {isa = PBXFileReference; lastKnownFileType = text.plist.xml; path = Info.plist; sourceTree = "<group>"; };
		E376543B1DBB908300EBD672 /* still time.ttf */ = {isa = PBXFileReference; lastKnownFileType = file; path = "still time.ttf"; sourceTree = "<group>"; };
		E376543E1DBBBB0300EBD672 /* VideoVC.swift */ = {isa = PBXFileReference; fileEncoding = 4; lastKnownFileType = sourcecode.swift; path = VideoVC.swift; sourceTree = "<group>"; };
		E37654401DBBBCF000EBD672 /* PartyCell.swift */ = {isa = PBXFileReference; fileEncoding = 4; lastKnownFileType = sourcecode.swift; path = PartyCell.swift; sourceTree = "<group>"; };
		E37654421DBBBFDE00EBD672 /* PartyRock.swift */ = {isa = PBXFileReference; fileEncoding = 4; lastKnownFileType = sourcecode.swift; path = PartyRock.swift; sourceTree = "<group>"; };
/* End PBXFileReference section */

/* Begin PBXFrameworksBuildPhase section */
		E37654201DBB679E00EBD672 /* Frameworks */ = {
			isa = PBXFrameworksBuildPhase;
			buildActionMask = 2147483647;
			files = (
			);
			runOnlyForDeploymentPostprocessing = 0;
		};
/* End PBXFrameworksBuildPhase section */

/* Begin PBXGroup section */
		E376541A1DBB679E00EBD672 = {
			isa = PBXGroup;
			children = (
				E37654251DBB679E00EBD672 /* PartyRockApp */,
				E37654241DBB679E00EBD672 /* Products */,
			);
			sourceTree = "<group>";
		};
		E37654241DBB679E00EBD672 /* Products */ = {
			isa = PBXGroup;
			children = (
				E37654231DBB679E00EBD672 /* PartyRockApp.app */,
			);
			name = Products;
			sourceTree = "<group>";
		};
		E37654251DBB679E00EBD672 /* PartyRockApp */ = {
			isa = PBXGroup;
			children = (
				E376543D1DBB90A600EBD672 /* Files */,
				E376543A1DBB6F5000EBD672 /* Model */,
				E37654391DBB6F4700EBD672 /* View */,
				E37654381DBB6F2D00EBD672 /* Controller */,
				E37654261DBB679E00EBD672 /* AppDelegate.swift */,
				E376542F1DBB679E00EBD672 /* LaunchScreen.storyboard */,
				E376542A1DBB679E00EBD672 /* Main.storyboard */,
				E376542D1DBB679E00EBD672 /* Assets.xcassets */,
				E37654321DBB679E00EBD672 /* Info.plist */,
			);
			path = PartyRockApp;
			sourceTree = "<group>";
		};
		E37654381DBB6F2D00EBD672 /* Controller */ = {
			isa = PBXGroup;
			children = (
				E37654281DBB679E00EBD672 /* MainVC.swift */,
				E376543E1DBBBB0300EBD672 /* VideoVC.swift */,
			);
			name = Controller;
			sourceTree = "<group>";
		};
		E37654391DBB6F4700EBD672 /* View */ = {
			isa = PBXGroup;
			children = (
				E37654401DBBBCF000EBD672 /* PartyCell.swift */,
			);
			name = View;
			sourceTree = "<group>";
		};
		E376543A1DBB6F5000EBD672 /* Model */ = {
			isa = PBXGroup;
			children = (
				E37654421DBBBFDE00EBD672 /* PartyRock.swift */,
			);
			name = Model;
			sourceTree = "<group>";
		};
		E376543D1DBB90A600EBD672 /* Files */ = {
			isa = PBXGroup;
			children = (
				E376543B1DBB908300EBD672 /* still time.ttf */,
			);
			name = Files;
			sourceTree = "<group>";
		};
/* End PBXGroup section */

/* Begin PBXNativeTarget section */
		E37654221DBB679E00EBD672 /* PartyRockApp */ = {
			isa = PBXNativeTarget;
			buildConfigurationList = E37654351DBB679E00EBD672 /* Build configuration list for PBXNativeTarget "PartyRockApp" */;
			buildPhases = (
				E376541F1DBB679E00EBD672 /* Sources */,
				E37654201DBB679E00EBD672 /* Frameworks */,
				E37654211DBB679E00EBD672 /* Resources */,
			);
			buildRules = (
			);
			dependencies = (
			);
			name = PartyRockApp;
			productName = PartyRockApp;
			productReference = E37654231DBB679E00EBD672 /* PartyRockApp.app */;
			productType = "com.apple.product-type.application";
		};
/* End PBXNativeTarget section */

/* Begin PBXProject section */
		E376541B1DBB679E00EBD672 /* Project object */ = {
			isa = PBXProject;
			attributes = {
				LastSwiftUpdateCheck = 0800;
				LastUpgradeCheck = 0800;
				ORGANIZATIONNAME = "Nabendu Biswas";
				TargetAttributes = {
					E37654221DBB679E00EBD672 = {
						CreatedOnToolsVersion = 8.0;
						ProvisioningStyle = Automatic;
					};
				};
			};
			buildConfigurationList = E376541E1DBB679E00EBD672 /* Build configuration list for PBXProject "PartyRockApp" */;
			compatibilityVersion = "Xcode 3.2";
			developmentRegion = English;
			hasScannedForEncodings = 0;
			knownRegions = (
				en,
				Base,
			);
			mainGroup = E376541A1DBB679E00EBD672;
			productRefGroup = E37654241DBB679E00EBD672 /* Products */;
			projectDirPath = "";
			projectRoot = "";
			targets = (
				E37654221DBB679E00EBD672 /* PartyRockApp */,
			);
		};
/* End PBXProject section */

/* Begin PBXResourcesBuildPhase section */
		E37654211DBB679E00EBD672 /* Resources */ = {
			isa = PBXResourcesBuildPhase;
			buildActionMask = 2147483647;
			files = (
				E37654311DBB679E00EBD672 /* LaunchScreen.storyboard in Resources */,
				E376543C1DBB908300EBD672 /* still time.ttf in Resources */,
				E376542E1DBB679E00EBD672 /* Assets.xcassets in Resources */,
				E376542C1DBB679E00EBD672 /* Main.storyboard in Resources */,
			);
			runOnlyForDeploymentPostprocessing = 0;
		};
/* End PBXResourcesBuildPhase section */

/* Begin PBXSourcesBuildPhase section */
		E376541F1DBB679E00EBD672 /* Sources */ = {
			isa = PBXSourcesBuildPhase;
			buildActionMask = 2147483647;
			files = (
				E376543F1DBBBB0300EBD672 /* VideoVC.swift in Sources */,
				E37654291DBB679E00EBD672 /* MainVC.swift in Sources */,
				E37654431DBBBFDE00EBD672 /* PartyRock.swift in Sources */,
				E37654411DBBBCF000EBD672 /* PartyCell.swift in Sources */,
				E37654271DBB679E00EBD672 /* AppDelegate.swift in Sources */,
			);
			runOnlyForDeploymentPostprocessing = 0;
		};
/* End PBXSourcesBuildPhase section */

/* Begin PBXVariantGroup section */
		E376542A1DBB679E00EBD672 /* Main.storyboard */ = {
			isa = PBXVariantGroup;
			children = (
				E376542B1DBB679E00EBD672 /* Base */,
			);
			name = Main.storyboard;
			sourceTree = "<group>";
		};
		E376542F1DBB679E00EBD672 /* LaunchScreen.storyboard */ = {
			isa = PBXVariantGroup;
			children = (
				E37654301DBB679E00EBD672 /* Base */,
			);
			name = LaunchScreen.storyboard;
			sourceTree = "<group>";
		};
/* End PBXVariantGroup section */

/* Begin XCBuildConfiguration section */
		E37654331DBB679E00EBD672 /* Debug */ = {
			isa = XCBuildConfiguration;
			buildSettings = {
				ALWAYS_SEARCH_USER_PATHS = NO;
				CLANG_ANALYZER_NONNULL = YES;
				CLANG_CXX_LANGUAGE_STANDARD = "gnu++0x";
				CLANG_CXX_LIBRARY = "libc++";
				CLANG_ENABLE_MODULES = YES;
				CLANG_ENABLE_OBJC_ARC = YES;
				CLANG_WARN_BOOL_CONVERSION = YES;
				CLANG_WARN_CONSTANT_CONVERSION = YES;
				CLANG_WARN_DIRECT_OBJC_ISA_USAGE = YES_ERROR;
				CLANG_WARN_DOCUMENTATION_COMMENTS = YES;
				CLANG_WARN_EMPTY_BODY = YES;
				CLANG_WARN_ENUM_CONVERSION = YES;
				CLANG_WARN_INFINITE_RECURSION = YES;
				CLANG_WARN_INT_CONVERSION = YES;
				CLANG_WARN_OBJC_ROOT_CLASS = YES_ERROR;
				CLANG_WARN_SUSPICIOUS_MOVES = YES;
				CLANG_WARN_UNREACHABLE_CODE = YES;
				CLANG_WARN__DUPLICATE_METHOD_MATCH = YES;
				"CODE_SIGN_IDENTITY[sdk=iphoneos*]" = "iPhone Developer";
				COPY_PHASE_STRIP = NO;
				DEBUG_INFORMATION_FORMAT = dwarf;
				ENABLE_STRICT_OBJC_MSGSEND = YES;
				ENABLE_TESTABILITY = YES;
				GCC_C_LANGUAGE_STANDARD = gnu99;
				GCC_DYNAMIC_NO_PIC = NO;
				GCC_NO_COMMON_BLOCKS = YES;
				GCC_OPTIMIZATION_LEVEL = 0;
				GCC_PREPROCESSOR_DEFINITIONS = (
					"DEBUG=1",
					"$(inherited)",
				);
				GCC_WARN_64_TO_32_BIT_CONVERSION = YES;
				GCC_WARN_ABOUT_RETURN_TYPE = YES_ERROR;
				GCC_WARN_UNDECLARED_SELECTOR = YES;
				GCC_WARN_UNINITIALIZED_AUTOS = YES_AGGRESSIVE;
				GCC_WARN_UNUSED_FUNCTION = YES;
				GCC_WARN_UNUSED_VARIABLE = YES;
				IPHONEOS_DEPLOYMENT_TARGET = 10.0;
				MTL_ENABLE_DEBUG_INFO = YES;
				ONLY_ACTIVE_ARCH = YES;
				SDKROOT = iphoneos;
				SWIFT_ACTIVE_COMPILATION_CONDITIONS = DEBUG;
				SWIFT_OPTIMIZATION_LEVEL = "-Onone";
				TARGETED_DEVICE_FAMILY = "1,2";
			};
			name = Debug;
		};
		E37654341DBB679E00EBD672 /* Release */ = {
			isa = XCBuildConfiguration;
			buildSettings = {
				ALWAYS_SEARCH_USER_PATHS = NO;
				CLANG_ANALYZER_NONNULL = YES;
				CLANG_CXX_LANGUAGE_STANDARD = "gnu++0x";
				CLANG_CXX_LIBRARY = "libc++";
				CLANG_ENABLE_MODULES = YES;
				CLANG_ENABLE_OBJC_ARC = YES;
				CLANG_WARN_BOOL_CONVERSION = YES;
				CLANG_WARN_CONSTANT_CONVERSION = YES;
				CLANG_WARN_DIRECT_OBJC_ISA_USAGE = YES_ERROR;
				CLANG_WARN_DOCUMENTATION_COMMENTS = YES;
				CLANG_WARN_EMPTY_BODY = YES;
				CLANG_WARN_ENUM_CONVERSION = YES;
				CLANG_WARN_INFINITE_RECURSION = YES;
				CLANG_WARN_INT_CONVERSION = YES;
				CLANG_WARN_OBJC_ROOT_CLASS = YES_ERROR;
				CLANG_WARN_SUSPICIOUS_MOVES = YES;
				CLANG_WARN_UNREACHABLE_CODE = YES;
				CLANG_WARN__DUPLICATE_METHOD_MATCH = YES;
				"CODE_SIGN_IDENTITY[sdk=iphoneos*]" = "iPhone Developer";
				COPY_PHASE_STRIP = NO;
				DEBUG_INFORMATION_FORMAT = "dwarf-with-dsym";
				ENABLE_NS_ASSERTIONS = NO;
				ENABLE_STRICT_OBJC_MSGSEND = YES;
				GCC_C_LANGUAGE_STANDARD = gnu99;
				GCC_NO_COMMON_BLOCKS = YES;
				GCC_WARN_64_TO_32_BIT_CONVERSION = YES;
				GCC_WARN_ABOUT_RETURN_TYPE = YES_ERROR;
				GCC_WARN_UNDECLARED_SELECTOR = YES;
				GCC_WARN_UNINITIALIZED_AUTOS = YES_AGGRESSIVE;
				GCC_WARN_UNUSED_FUNCTION = YES;
				GCC_WARN_UNUSED_VARIABLE = YES;
				IPHONEOS_DEPLOYMENT_TARGET = 10.0;
				MTL_ENABLE_DEBUG_INFO = NO;
				SDKROOT = iphoneos;
				SWIFT_OPTIMIZATION_LEVEL = "-Owholemodule";
				TARGETED_DEVICE_FAMILY = "1,2";
				VALIDATE_PRODUCT = YES;
			};
			name = Release;
		};
		E37654361DBB679E00EBD672 /* Debug */ = {
			isa = XCBuildConfiguration;
			buildSettings = {
				ASSETCATALOG_COMPILER_APPICON_NAME = AppIcon;
				INFOPLIST_FILE = PartyRockApp/Info.plist;
				LD_RUNPATH_SEARCH_PATHS = "$(inherited) @executable_path/Frameworks";
				PRODUCT_BUNDLE_IDENTIFIER = com.ShikhaCorps.PartyRockApp;
				PRODUCT_NAME = "$(TARGET_NAME)";
				SWIFT_VERSION = 3.0;
			};
			name = Debug;
		};
		E37654371DBB679E00EBD672 /* Release */ = {
			isa = XCBuildConfiguration;
			buildSettings = {
				ASSETCATALOG_COMPILER_APPICON_NAME = AppIcon;
				INFOPLIST_FILE = PartyRockApp/Info.plist;
				LD_RUNPATH_SEARCH_PATHS = "$(inherited) @executable_path/Frameworks";
				PRODUCT_BUNDLE_IDENTIFIER = com.ShikhaCorps.PartyRockApp;
				PRODUCT_NAME = "$(TARGET_NAME)";
				SWIFT_VERSION = 3.0;
			};
			name = Release;
		};
/* End XCBuildConfiguration section */

/* Begin XCConfigurationList section */
		E376541E1DBB679E00EBD672 /* Build configuration list for PBXProject "PartyRockApp" */ = {
			isa = XCConfigurationList;
			buildConfigurations = (
				E37654331DBB679E00EBD672 /* Debug */,
				E37654341DBB679E00EBD672 /* Release */,
			);
			defaultConfigurationIsVisible = 0;
			defaultConfigurationName = Release;
		};
		E37654351DBB679E00EBD672 /* Build configuration list for PBXNativeTarget "PartyRockApp" */ = {
			isa = XCConfigurationList;
			buildConfigurations = (
				E37654361DBB679E00EBD672 /* Debug */,
				E37654371DBB679E00EBD672 /* Release */,
			);
			defaultConfigurationIsVisible = 0;
		};
/* End XCConfigurationList section */
	};
	rootObject = E376541B1DBB679E00EBD672 /* Project object */;
}
